{
    "_readme": [
        "This file locks the dependencies of your project to a known state",
        "Read more about it at https://getcomposer.org/doc/01-basic-usage.md#installing-dependencies",
        "This file is @generated automatically"
    ],
    "content-hash": "0a95103aed36292eea7707bb4314175e",
    "packages": [
        {
            "name": "rybakit/msgpack",
            "version": "v0.7.0",
            "source": {
                "type": "git",
                "url": "https://github.com/rybakit/msgpack.php.git",
                "reference": "8ad636b575619aa34eee8b70c564de4717b5cb41"
            },
            "dist": {
                "type": "zip",
                "url": "https://api.github.com/repos/rybakit/msgpack.php/zipball/8ad636b575619aa34eee8b70c564de4717b5cb41",
                "reference": "8ad636b575619aa34eee8b70c564de4717b5cb41",
                "shasum": ""
            },
            "require": {
                "php": "^7.4.0"
            },
            "require-dev": {
                "ext-decimal": "*",
                "ext-gmp": "*",
                "friendsofphp/php-cs-fixer": "^2.14",
                "phpunit/phpunit": "^7.1|^8.0"
            },
            "suggest": {
                "ext-decimal": "For converting overflowed integers to Decimal objects",
                "ext-gmp": "For converting overflowed integers to GMP objects"
            },
            "type": "library",
            "autoload": {
                "psr-4": {
                    "MessagePack\\": "src/"
                }
            },
            "notification-url": "https://packagist.org/downloads/",
            "license": [
                "MIT"
            ],
            "authors": [
                {
                    "name": "Eugene Leonovich",
                    "email": "gen.work@gmail.com"
                }
            ],
            "description": "A pure PHP implementation of the MessagePack serialization format.",
            "keywords": [
                "messagepack",
                "msgpack",
                "pure",
                "streaming"
            ],
            "time": "2020-01-27T23:31:20+00:00"
        }
    ],
    "packages-dev": [],
    "aliases": [],
    "minimum-stability": "stable",
    "stability-flags": [],
    "prefer-stable": false,
    "prefer-lowest": false,
    "platform": [],
    "platform-dev": []
}
